version = 1
revision = 3
requires-python = ">=3.10"
resolution-markers = [
    "python_full_version >= '3.12'",
    "python_full_version < '3.12'",
]

[[package]]
name = "asgiref"
version = "3.11.0"
source = { registry = "https://pypi.org/simple" }
dependencies = [
    { name = "typing-extensions", marker = "python_full_version < '3.11'" },
]
sdist = { url = "https://files.pythonhosted.org/packages/76/b9/4db2509eabd14b4a8c71d1b24c8d5734c52b8560a7b1e1a8b56c8d25568b/asgiref-3.11.0.tar.gz", hash = "sha256:13acff32519542a1736223fb79a715acdebe24286d98e8b164a73085f40da2c4", size = 37969, upload-time = "2025-11-19T15:32:20.106Z" }
wheels = [
    { url = "https://files.pythonhosted.org/packages/91/be/317c2c55b8bbec407257d45f5c8d1b6867abc76d12043f2d3d58c538a4ea/asgiref-3.11.0-py3-none-any.whl", hash = "sha256:1db9021efadb0d9512ce8ffaf72fcef601c7b73a8807a1bb2ef143dc6b14846d", size = 24096, upload-time = "2025-11-19T15:32:19.004Z" },
]

[[package]]
name = "django"
version = "5.2.10"
source = { registry = "https://pypi.org/simple" }
resolution-markers = [
    "python_full_version < '3.12'",
]
dependencies = [
    { name = "asgiref", marker = "python_full_version < '3.12'" },
    { name = "sqlparse", marker = "python_full_version < '3.12'" },
    { name = "tzdata", marker = "python_full_version < '3.12' and sys_platform == 'win32'" },
]
sdist = { url = "https://files.pythonhosted.org/packages/e6/e5/2671df24bf0ded831768ef79532e5a7922485411a5696f6d979568591a37/django-5.2.10.tar.gz", hash = "sha256:74df100784c288c50a2b5cad59631d71214f40f72051d5af3fdf220c20bdbbbe", size = 10880754, upload-time = "2026-01-06T18:55:26.817Z" }
wheels = [
    { url = "https://files.pythonhosted.org/packages/fa/de/f1a7cd896daec85832136ab509d9b2a6daed4939dbe26313af3e95fc5f5e/django-5.2.10-py3-none-any.whl", hash = "sha256:cf85067a64250c95d5f9067b056c5eaa80591929f7e16fbcd997746e40d6c45c", size = 8290820, upload-time = "2026-01-06T18:55:20.009Z" },
]

[[package]]
name = "django"
version = "6.0.1"
source = { registry = "https://pypi.org/simple" }
resolution-markers = [
    "python_full_version >= '3.12'",
]
dependencies = [
    { name = "asgiref", marker = "python_full_version >= '3.12'" },
    { name = "sqlparse", marker = "python_full_version >= '3.12'" },
    { name = "tzdata", marker = "python_full_version >= '3.12' and sys_platform == 'win32'" },
]
sdist = { url = "https://files.pythonhosted.org/packages/b5/9b/016f7e55e855ee738a352b05139d4f8b278d0b451bd01ebef07456ef3b0e/django-6.0.1.tar.gz", hash = "sha256:ed76a7af4da21551573b3d9dfc1f53e20dd2e6c7d70a3adc93eedb6338130a5f", size = 11069565, upload-time = "2026-01-06T18:55:53.069Z" }
wheels = [
    { url = "https://files.pythonhosted.org/packages/95/b5/814ed98bd21235c116fd3436a7ed44d47560329a6d694ec8aac2982dbb93/django-6.0.1-py3-none-any.whl", hash = "sha256:a92a4ff14f664a896f9849009cb8afaca7abe0d6fc53325f3d1895a15253433d", size = 8338791, upload-time = "2026-01-06T18:55:46.175Z" },
]

[[package]]
name = "fleetdistributionsystem"
version = "0.1.0"
source = { virtual = "." }
dependencies = [
    { name = "django", version = "5.2.10", source = { registry = "https://pypi.org/simple" }, marker = "python_full_version < '3.12'" },
    { name = "django", version = "6.0.1", source = { registry = "https://pypi.org/simple" }, marker = "python_full_version >= '3.12'" },
    { name = "pymssql" },
]

[package.metadata]
requires-dist = [
    { name = "django", specifier = ">=5.2.10" },
    { name = "pymssql", specifier = ">=2.3.11" },
]

[[package]]
name = "pymssql"
version = "2.3.11"
source = { registry = "https://pypi.org/simple" }
sdist = { url = "https://files.pythonhosted.org/packages/55/50/638ae329af72dd3dd262e4b0fb4a734c05074239c9131f0aaf0b32ed7264/pymssql-2.3.11.tar.gz", hash = "sha256:47ee71d9c37880dd82b830a5a7fc69374d04945c27043116b4c693858c60af66", size = 202219, upload-time = "2025-12-30T21:25:40.025Z" }
wheels = [
    { url = "https://files.pythonhosted.org/packages/05/70/fb09a77beab0388c4a8f95a512c31e9c898fff145de5e5447a8dcca03bbd/pymssql-2.3.11-cp310-cp310-macosx_14_0_arm64.whl", hash = "sha256:75d2a10501db24e82cfcbad5d749874980b4e4457822f19d911c2464868da6a4", size = 3171776, upload-time = "2025-12-30T21:24:23.706Z" },
    { url = "https://files.pythonhosted.org/packages/d8/cf/2d88fb9cbedfcca21b31357396e6505b975b3bdbb18d12db53bc77f3d264/pymssql-2.3.11-cp310-cp310-macosx_15_0_x86_64.whl", hash = "sha256:ce49bf401d79f3a4062a5e9d62542f3d54a8a36de78a07b8397aa6d97ceab631", size = 2974524, upload-time = "2025-12-30T21:24:25.402Z" },
    { url = "https://files.pythonhosted.org/packages/22/91/1a761f1e3de0d995af3696560a25437500a1256fd82ec61bb7154164c2c7/pymssql-2.3.11-cp310-cp310-manylinux2014_aarch64.manylinux_2_17_aarch64.whl", hash = "sha256:d82c1e73d15b4da01f6df7d9511d962579543c3fe92286edbea66976f0948894", size = 2445716, upload-time = "2025-12-30T21:24:26.769Z" },
    { url = "https://files.pythonhosted.org/packages/c0/25/6c261b74c9d6be8d6b37bab0a7e4a2b43d30da356f7e9e8ba79996bddc5e/pymssql-2.3.11-cp310-cp310-manylinux2014_x86_64.manylinux_2_17_x86_64.whl", hash = "sha256:6fcd194d33b512125d392d55049087a533c0523810b8b48d924ab38e1bb141cf", size = 2789577, upload-time = "2025-12-30T21:24:28.41Z" },
    { url = "https://files.pythonhosted.org/packages/9b/fe/dc14bf7789697dce4936b15280194efaf89608936a3591f5ee0ed5e78a00/pymssql-2.3.11-cp310-cp310-musllinux_1_2_aarch64.whl", hash = "sha256:9152eea9473d8f634355f779c848bc963392936822d9b4b270502738499a9249", size = 3688035, upload-time = "2025-12-30T21:24:29.956Z" },
    { url = "https://files.pythonhosted.org/packages/73/c5/635a73c4d5f8f3ba6ca879aa70e747668f0954bb8139c73ebad8cb71bb3b/pymssql-2.3.11-cp310-cp310-musllinux_1_2_x86_64.whl", hash = "sha256:4e98e0b7f759ef94f2d988939b18a7b8816ad4dad253b2a81cf07bfb6ed47094", size = 3435145, upload-time = "2025-12-30T21:24:31.302Z" },
    { url = "https://files.pythonhosted.org/packages/ab/7a/9f87357388c308b0aa21be11335cba84ce0d01568d2945166e447d20189e/pymssql-2.3.11-cp310-cp310-win32.whl", hash = "sha256:7503b8fff48c7d12f46541397245f820840ddf298144eab7a606b5cbfbb1756f", size = 1328519, upload-time = "2025-12-30T21:24:33.038Z" },
    { url = "https://files.pythonhosted.org/packages/64/f9/467e7ed83ffa4c06cacd3ecb34a1b00bb4d529e6a26b19082e5aff69b5fd/pymssql-2.3.11-cp310-cp310-win_amd64.whl", hash = "sha256:482e595d9f19ded0ae9b3a0f7b59957fd05fc212b752c5625d9bf95e1d26d46a", size = 2008743, upload-time = "2025-12-30T21:24:35.007Z" },
    { url = "https://files.pythonhosted.org/packages/ff/81/85cfc6a03a00968fa03a37648b7796c4eec0351c2b8daba752754e86eeb8/pymssql-2.3.11-cp311-cp311-macosx_14_0_arm64.whl", hash = "sha256:aaa59c4a366bdd5670c7c2061947f6b53ab9d22e298ce08f76531acd7019682b", size = 3170430, upload-time = "2025-12-30T21:24:36.733Z" },
    { url = "https://files.pythonhosted.org/packages/37/f6/b8131a7017d81aa9b3633f819950ad7dbae90dc52340182d039b497a178f/pymssql-2.3.11-cp311-cp311-macosx_15_0_x86_64.whl", hash = "sha256:c69ea39f02e0bd851e64806c3a51837335b66534e3d28f60d9bd711aed7fad08", size = 2972371, upload-time = "2025-12-30T21:24:38.263Z" },
    { url = "https://files.pythonhosted.org/packages/06/4e/0a79dbea835fc37264a844abb790767f781f43c85f1d4d833b7bd3b42a6a/pymssql-2.3.11-cp311-cp311-manylinux2014_aarch64.manylinux_2_17_aarch64.whl", hash = "sha256:2a9028d180a722e2d564ce8d65b3415bc5e35c2f6d9bff1e851d37ba47bf4d24", size = 2438248, upload-time = "2025-12-30T21:24:40.136Z" },
    { url = "https://files.pythonhosted.org/packages/b9/e5/4bc4035502ff789cae26dbeb4d090d090bc210f629c7c1f0f11b24ecf4bf/pymssql-2.3.11-cp311-cp311-manylinux2014_x86_64.manylinux_2_17_x86_64.whl", hash = "sha256:b9aebd415122eee53203f7f8801fc22e7399fcb41efda5b962fe5b3b84a7f093", size = 2776273, upload-time = "2025-12-30T21:24:41.517Z" },
    { url = "https://files.pythonhosted.org/packages/dc/5c/edc024e913437ddb78a64c044f1db43807b024fed8d91dba02635af6ed43/pymssql-2.3.11-cp311-cp311-musllinux_1_2_aarch64.whl", hash = "sha256:214a46696e0ac5fae8246f09ab90e0441f27fc713e929f3a67e15acd66cc96a9", size = 3679073, upload-time = "2025-12-30T21:24:42.811Z" },
    { url = "https://files.pythonhosted.org/packages/34/09/715b003100406e7caf6708e610d2f31e11a0ba4142b867813d6ce8d2ed94/pymssql-2.3.11-cp311-cp311-musllinux_1_2_x86_64.whl", hash = "sha256:f2bc011bbce17b513ca96aac0eb865427bcdc25af35e845c0785f6ca6f47fb15", size = 3422246, upload-time = "2025-12-30T21:24:45.262Z" },
    { url = "https://files.pythonhosted.org/packages/24/fe/a6e512dfabd60c9947aa310dd04c08b7e021051292ae20fd5a821ec5e898/pymssql-2.3.11-cp311-cp311-win32.whl", hash = "sha256:9c28d611d333e553c94822949ca6762a66e88ff2c5daf8bb1ee4a5d8fca44325", size = 1327366, upload-time = "2025-12-30T21:24:47.075Z" },
    { url = "https://files.pythonhosted.org/packages/81/58/dc7bc32365d44fdf303c6e7cbedfe95ab2cab823759f5a498ac632b6016d/pymssql-2.3.11-cp311-cp311-win_amd64.whl", hash = "sha256:63a93d09c851a22641e80e9eaa00c50a7ee7bc66df892b627305e0b2904800c8", size = 2009691, upload-time = "2025-12-30T21:24:48.382Z" },
    { url = "https://files.pythonhosted.org/packages/3c/ed/d04f5dcd5fbb61c69db690e98e62999f36753e1237ce6207d66cbe900081/pymssql-2.3.11-cp312-cp312-macosx_14_0_arm64.whl", hash = "sha256:a95b44dc2a5088d971f4acea06cab567ef5ac4ab7dc71884c146fd6c77aaa5d7", size = 3157229, upload-time = "2025-12-30T21:24:49.669Z" },
    { url = "https://files.pythonhosted.org/packages/34/0a/c1466a1ceb693641f266ebbc8bb00a05b03fb0943530d4ded72e08d3f6bf/pymssql-2.3.11-cp312-cp312-macosx_15_0_x86_64.whl", hash = "sha256:8c7b80a10983fbdfa1aba8aee92f3a22ca4ffba722d35fecbc38ac760da676a4", size = 2958404, upload-time = "2025-12-30T21:24:50.972Z" },
    { url = "https://files.pythonhosted.org/packages/06/a4/8973234ebdb1c5254644f61a27c778caf8114fcc5bd7e1a0b14359d43862/pymssql-2.3.11-cp312-cp312-manylinux2014_aarch64.manylinux_2_17_aarch64.whl", hash = "sha256:399c89b08a93e151a60a49d45cf937475eee69e39a096a385a0aeefdedb91b89", size = 2467764, upload-time = "2025-12-30T21:24:52.745Z" },
    { url = "https://files.pythonhosted.org/packages/d6/7f/8b429108109320b1579bae74d00f2fbe6bc3cccf068daf900a73d35ff1ab/pymssql-2.3.11-cp312-cp312-manylinux2014_x86_64.manylinux_2_17_x86_64.whl", hash = "sha256:bddf3ea3fbd543db00effb43db8195f193b09427f9dbf7e0becfe2192c6d8b85", size = 2804049, upload-time = "2025-12-30T21:24:54.742Z" },
    { url = "https://files.pythonhosted.org/packages/67/3f/d08aabc2706abe5328bfdf24241595ec84c66fd6c08f3776a402469e9967/pymssql-2.3.11-cp312-cp312-musllinux_1_2_aarch64.whl", hash = "sha256:9b8bb90fad7ca636ad6feac54539d0907d0749d5ad05bb87473b925d63233572", size = 3708525, upload-time = "2025-12-30T21:24:56.495Z" },
    { url = "https://files.pythonhosted.org/packages/6a/00/4e07bd5c5a1f5e4f534ea459dfcd7a531fb9ef48932b5ae4b0e83aff42b9/pymssql-2.3.11-cp312-cp312-musllinux_1_2_x86_64.whl", hash = "sha256:ec0c264d4fa0390f147a15b645a79038e382d3d3716294cabf7195a4fdaa5f3c", size = 3451939, upload-time = "2025-12-30T21:24:58.101Z" },
    { url = "https://files.pythonhosted.org/packages/7f/c6/74f66bab0087140bf4a74b6b2d40cd90e9c81e8cfbd547117a71201aae39/pymssql-2.3.11-cp312-cp312-win32.whl", hash = "sha256:acdedac1d895597020a4c08d1cb82c68674039a45a20c7975103864cfe7ee7bc", size = 1312931, upload-time = "2025-12-30T21:24:59.364Z" },
    { url = "https://files.pythonhosted.org/packages/c4/e1/0fb70e7a9f50c5dd7d34a2b466371a3a387822835d55040086737de283ed/pymssql-2.3.11-cp312-cp312-win_amd64.whl", hash = "sha256:ac95206f5fdb3f02733727139ab08ea49f7a11a49188fa412deb0299222ac69e", size = 1994354, upload-time = "2025-12-30T21:25:00.832Z" },
    { url = "https://files.pythonhosted.org/packages/e9/0c/4c2efb062d0f095d49d1502d947eead47c15f7cf0f098e0516bab598f022/pymssql-2.3.11-cp313-cp313-macosx_14_0_arm64.whl", hash = "sha256:1d52faa55a0a946d58f1f34f0482d46ec1301301311f006dfd1e062cb3f37dcb", size = 3154807, upload-time = "2025-12-30T21:25:02.614Z" },
    { url = "https://files.pythonhosted.org/packages/33/a9/935b6b6e88722b8130d55422940bd983e95ef9d4654ff0c57daf274e0184/pymssql-2.3.11-cp313-cp313-macosx_15_0_x86_64.whl", hash = "sha256:d88bdde6b503775b1dd12ddfb297496d3cf20d33b2945e41acfeaa63babe63ab", size = 2956320, upload-time = "2025-12-30T21:25:05.669Z" },
    { url = "https://files.pythonhosted.org/packages/31/cd/67accb156066e34a528edeb5b4d577e54c20e0074834fd953e5a8d0989d6/pymssql-2.3.11-cp313-cp313-manylinux2014_aarch64.manylinux_2_17_aarch64.whl", hash = "sha256:b02b0040c56543dd5143aede9b3ef40bd65453c82107a3f9fa71e118edb36f37", size = 2467229, upload-time = "2025-12-30T21:25:07.334Z" },
    { url = "https://files.pythonhosted.org/packages/1a/20/1c6536d423d35d52259a05f8966fbec65bccd841ed950f9bf02acfe69d99/pymssql-2.3.11-cp313-cp313-manylinux2014_x86_64.manylinux_2_17_x86_64.whl", hash = "sha256:e54e8a3f84820d8d11d52ab541720c17086872da45f5507b3521fcaf51c4514d", size = 2803581, upload-time = "2025-12-30T21:25:08.645Z" },
    { url = "https://files.pythonhosted.org/packages/e2/5b/2c71dddf13a0d1663a8f6c7e01718fd0cb6d6b41f76671ddf5d072cf2bc4/pymssql-2.3.11-cp313-cp313-musllinux_1_2_aarch64.whl", hash = "sha256:8429b1875549ecf207757705755877b331133ff1ef4a99ec5c361aa1fcef8a61", size = 3708140, upload-time = "2025-12-30T21:25:09.986Z" },
    { url = "https://files.pythonhosted.org/packages/0d/4c/01ee016fa70db2557e58e807a35d75b688fdb796054909970c96a0db95d1/pymssql-2.3.11-cp313-cp313-musllinux_1_2_x86_64.whl", hash = "sha256:3b186a7b9938473018ac4e10a9a5dbd7ef3dc9579210b203cf6cbcb7b53d1d7f", size = 3451408, upload-time = "2025-12-30T21:25:11.664Z" },
    { url = "https://files.pythonhosted.org/packages/52/71/0f1ff933e8e7e5c065d59790a94a8fd3264c85b73ca02a115a9bfe4022d6/pymssql-2.3.11-cp313-cp313-win32.whl", hash = "sha256:fca814ee088e97db95487568d11317b2a21076ae0c0e90a61bd3512c8bffe7f8", size = 1312645, upload-time = "2025-12-30T21:25:13.407Z" },
    { url = "https://files.pythonhosted.org/packages/dc/8b/c66a471b9f9a440895ca9a55ee13392a5de0b34cc76e7a01f8b2c42a2163/pymssql-2.3.11-cp313-cp313-win_amd64.whl", hash = "sha256:ceab31ced6d1a90bfb5b133cde40afa75809c4eadd4adfaafd8d4236428b3024", size = 1995029, upload-time = "2025-12-30T21:25:15.257Z" },
    { url = "https://files.pythonhosted.org/packages/b9/27/e439b50be6a620bcc672d7dfafc7da483779ea095c61f7614b162f7ac0c0/pymssql-2.3.11-cp314-cp314-macosx_14_0_arm64.whl", hash = "sha256:6804d5e45d48c2447375fc389abec423eebe6488a65a4c507b19c22f3c6d001c", size = 3156885, upload-time = "2025-12-30T21:25:16.626Z" },
    { url = "https://files.pythonhosted.org/packages/c5/ec/deca0dfe8b2c0c0feb649b220956054f4db2a8646ea417903b4f1a9d0410/pymssql-2.3.11-cp314-cp314-macosx_15_0_x86_64.whl", hash = "sha256:b08ebe258134654e54cbc522d41ab8f0473fdc17b21e4a6805d236af28662eb8", size = 2957350, upload-time = "2025-12-30T21:25:17.884Z" },
    { url = "https://files.pythonhosted.org/packages/3d/72/e0f37965fbaf82be31c0ca4bae9682ce7678dbc3b8f3d07faad56102807c/pymssql-2.3.11-cp314-cp314-manylinux2014_aarch64.manylinux_2_17_aarch64.whl", hash = "sha256:ad35b7874964e0c36184719128977e7669a5be01b16852e687f1deb005991291", size = 2465594, upload-time = "2025-12-30T21:25:19.42Z" },
    { url = "https://files.pythonhosted.org/packages/31/83/43461c43653810193eca4eac2490a71e45b64ed838d42a6ac1a9fac07210/pymssql-2.3.11-cp314-cp314-manylinux2014_x86_64.manylinux_2_17_x86_64.whl", hash = "sha256:e1cd4eb2913457e6a83e152ff8e0c80a7819ff31b8094a01f95e28d8588e7be7", size = 2801596, upload-time = "2025-12-30T21:25:21.251Z" },
    { url = "https://files.pythonhosted.org/packages/fb/98/245b4c0d508abade2b40c40e1d02bed4611ae3af1a7b0865ae2de1579bc3/pymssql-2.3.11-cp314-cp314-musllinux_1_2_aarch64.whl", hash = "sha256:feb5a5ebe06fc83ac8929b378459752379345c6ed86f8875507e59c27fe76871", size = 3707207, upload-time = "2025-12-30T21:25:23.221Z" },
    { url = "https://files.pythonhosted.org/packages/cb/f7/9a4bfeda20f9206cfe3922e1514148dc2522cca66562970f973cc6a61347/pymssql-2.3.11-cp314-cp314-musllinux_1_2_x86_64.whl", hash = "sha256:be6c17b044148cc45a102147420220a51485d5d802c9e2100d2a8a14e893a477", size = 3449878, upload-time = "2025-12-30T21:25:24.517Z" },
    { url = "https://files.pythonhosted.org/packages/fe/12/a23efe76e76a3a0fd00e3b460ab2eaf47e2c8c9f1b77bd88031c797a62d7/pymssql-2.3.11-cp314-cp314-win32.whl", hash = "sha256:824ba66424d8ae424249c4c803678247cf019872836f7138c67a104030b430e7", size = 1344286, upload-time = "2025-12-30T21:25:25.726Z" },
    { url = "https://files.pythonhosted.org/packages/92/7b/fbd5007ab904bc935181bb0fa50fc9efa965dcf8c3149145830787b3c6e4/pymssql-2.3.11-cp314-cp314-win_amd64.whl", hash = "sha256:85353c5ba60797a68afa5ffe1f395c7fa12f8aaa03fa81f43e0969f607638303", size = 2048686, upload-time = "2025-12-30T21:25:27.251Z" },
]

[[package]]
name = "sqlparse"
version = "0.5.5"
source = { registry = "https://pypi.org/simple" }
sdist = { url = "https://files.pythonhosted.org/packages/90/76/437d71068094df0726366574cf3432a4ed754217b436eb7429415cf2d480/sqlparse-0.5.5.tar.gz", hash = "sha256:e20d4a9b0b8585fdf63b10d30066c7c94c5d7a7ec47c889a2d83a3caa93ff28e", size = 120815, upload-time = "2025-12-19T07:17:45.073Z" }
wheels = [
    { url = "https://files.pythonhosted.org/packages/49/4b/359f28a903c13438ef59ebeee215fb25da53066db67b305c125f1c6d2a25/sqlparse-0.5.5-py3-none-any.whl", hash = "sha256:12a08b3bf3eec877c519589833aed092e2444e68240a3577e8e26148acc7b1ba", size = 46138, upload-time = "2025-12-19T07:17:46.573Z" },
]

[[package]]
name = "typing-extensions"
version = "4.15.0"
source = { registry = "https://pypi.org/simple" }
sdist = { url = "https://files.pythonhosted.org/packages/72/94/1a15dd82efb362ac84269196e94cf00f187f7ed21c242792a923cdb1c61f/typing_extensions-4.15.0.tar.gz", hash = "sha256:0cea48d173cc12fa28ecabc3b837ea3cf6f38c6d1136f85cbaaf598984861466", size = 109391, upload-time = "2025-08-25T13:49:26.313Z" }
wheels = [
    { url = "https://files.pythonhosted.org/packages/18/67/36e9267722cc04a6b9f15c7f3441c2363321a3ea07da7ae0c0707beb2a9c/typing_extensions-4.15.0-py3-none-any.whl", hash = "sha256:f0fa19c6845758ab08074a0cfa8b7aecb71c999ca73d62883bc25cc018c4e548", size = 44614, upload-time = "2025-08-25T13:49:24.86Z" },
]

[[package]]
name = "tzdata"
version = "2025.3"
source = { registry = "https://pypi.org/simple" }
sdist = { url = "https://files.pythonhosted.org/packages/5e/a7/c202b344c5ca7daf398f3b8a477eeb205cf3b6f32e7ec3a6bac0629ca975/tzdata-2025.3.tar.gz", hash = "sha256:de39c2ca5dc7b0344f2eba86f49d614019d29f060fc4ebc8a417896a620b56a7", size = 196772, upload-time = "2025-12-13T17:45:35.667Z" }
wheels = [
    { url = "https://files.pythonhosted.org/packages/c7/b0/003792df09decd6849a5e39c28b513c06e84436a54440380862b5aeff25d/tzdata-2025.3-py2.py3-none-any.whl", hash = "sha256:06a47e5700f3081aab02b2e513160914ff0694bce9947d6b76ebd6bf57cfc5d1", size = 348521, upload-time = "2025-12-13T17:45:33.889Z" },
]
